{
    "_meta": {
        "hash": {
            "sha256": "7550a50412e99e2856c4662955c6a8a3b0226ebd1e771385ddc45ad5d7f03d1d"
        },
        "pipfile-spec": 6,
        "requires": {
            "python_version": "3.8"
        },
        "sources": [
            {
                "name": "pypi",
                "url": "https://pypi.org/simple",
                "verify_ssl": true
            }
        ]
    },
    "default": {
        "appdirs": {
            "hashes": [
                "sha256:7d5d0167b2b1ba821647616af46a749d1c653740dd0d2415100fe26e27afdf41",
                "sha256:a841dacd6b99318a741b166adb07e19ee71a274450e68237b4650ca1055ab128"
            ],
            "version": "==1.4.4"
        },
        "astroid": {
            "hashes": [
                "sha256:87ae7f2398b8a0ae5638ddecf9987f081b756e0e9fc071aeebdca525671fc4dc",
                "sha256:b31c92f545517dcc452f284bc9c044050862fbe6d93d2b3de4a215a6b384bf0d"
            ],
            "markers": "python_version >= '3.6'",
            "version": "==2.5"
        },
        "attrs": {
            "hashes": [
                "sha256:31b2eced602aa8423c2aea9c76a724617ed67cf9513173fd3a4f03e3a929c7e6",
                "sha256:832aa3cde19744e49938b91fea06d69ecb9e649c93ba974535d08ad92164f700"
            ],
            "markers": "python_version >= '2.7' and python_version not in '3.0, 3.1, 3.2, 3.3'",
            "version": "==20.3.0"
        },
        "black": {
            "hashes": [
                "sha256:1c02557aa099101b9d21496f8a914e9ed2222ef70336404eeeac8edba836fbea"
            ],
            "index": "pypi",
            "version": "==20.8b1"
        },
        "click": {
            "hashes": [
                "sha256:d2b5255c7c6349bc1bd1e59e08cd12acbbd63ce649f2588755783aa94dfb6b1a",
                "sha256:dacca89f4bfadd5de3d7489b7c8a566eee0d3676333fbb50030263894c38c0dc"
            ],
            "markers": "python_version >= '2.7' and python_version not in '3.0, 3.1, 3.2, 3.3, 3.4'",
            "version": "==7.1.2"
        },
        "cloudpickle": {
            "hashes": [
                "sha256:3a32d0eb0bc6f4d0c57fbc4f3e3780f7a81e6fee0fa935072884d58ae8e1cc7c",
                "sha256:9bc994f9e9447593bd0a45371f0e7ac7333710fcf64a4eb9834bf149f4ef2f32"
            ],
            "markers": "python_version >= '3.5'",
            "version": "==1.6.0"
        },
        "cython": {
            "hashes": [
                "sha256:0ac10bf476476a9f7ef61ec6e44c280ef434473124ad31d3132b720f7b0e8d2a",
                "sha256:0e25c209c75df8785480dcef85db3d36c165dbc0f4c503168e8763eb735704f2",
                "sha256:171b9f70ceafcec5852089d0f9c1e75b0d554f46c882cd4e2e4acaba9bd7d148",
                "sha256:23f3a00b843a19de8bb4468b087db5b413a903213f67188729782488d67040e0",
                "sha256:2922e3031ba9ebbe7cb9200b585cc33b71d66023d78450dcb883f824f4969371",
                "sha256:31c71a615f38401b0dc1f2a5a9a6c421ffd8908c4cd5bbedc4014c1b876488e8",
                "sha256:473df5d5e400444a36ed81c6596f56a5b52a3481312d0a48d68b777790f730ae",
                "sha256:497841897942f734b0abc2dead2d4009795ee992267a70a23485fd0e937edc0b",
                "sha256:539e59949aab4955c143a468810123bf22d3e8556421e1ce2531ed4893914ca0",
                "sha256:540b3bee0711aac2e99bda4fa0a46dbcd8c74941666bfc1ef9236b1a64eeffd9",
                "sha256:57ead89128dee9609119c93d3926c7a2add451453063147900408a50144598c6",
                "sha256:5c4276fdcbccdf1e3c1756c7aeb8395e9a36874fa4d30860e7694f43d325ae13",
                "sha256:5da187bebe38030325e1c0b5b8a804d489410be2d384c0ef3ba39493c67eb51e",
                "sha256:5e545a48f919e40079b0efe7b0e081c74b96f9ef25b9c1ff4cdbd95764426b58",
                "sha256:603b9f1b8e93e8b494d3e89320c410679e21018e48b6cbc77280f5db71f17dc0",
                "sha256:695a6bcaf9e12b1e471dfce96bbecf22a1487adc2ac6106b15960a2b51b97f5d",
                "sha256:715294cd2246b39a8edca464a8366eb635f17213e4a6b9e74e52d8b877a8cb63",
                "sha256:7ebaa8800c376bcdae596fb1372cb4232a5ef957619d35839520d2786f2debb9",
                "sha256:856c7fb31d247ce713d60116375e1f8153d0291ab5e92cca7d8833a524ba9991",
                "sha256:8c6e25e9cc4961bb2abb1777c6fa9d0fa2d9b014beb3276cebe69996ff162b78",
                "sha256:9207fdedc7e789a3dcaca628176b80c82fbed9ae0997210738cbb12536a56699",
                "sha256:93f5fed1c9445fb7afe20450cdaf94b0e0356d47cc75008105be89c6a2e417b1",
                "sha256:9ce5e5209f8406ffc2b058b1293cce7a954911bb7991e623564d489197c9ba30",
                "sha256:a0674f246ad5e1571ef29d4c5ec1d6ecabe9e6c424ad0d6fee46b914d5d24d69",
                "sha256:b2f9172e4d6358f33ecce6a4339b5960f9f83eab67ea244baa812737793826b7",
                "sha256:b8a8a31b9e8860634adbca30fea1d0c7f08e208b3d7611f3e580e5f20992e5d7",
                "sha256:b8d8497091c1dc8705d1575c71e908a93b1f127a174b2d472020f3d84263ac28",
                "sha256:c111ac9abdf715762e4fb87395e59d61c0fbb6ce79eb2e24167700b6cfa8ba79",
                "sha256:c4b78356074fcaac04ecb4de289f11d506e438859877670992ece11f9c90f37b",
                "sha256:c541b2b49c6638f2b5beb9316726db84a8d1c132bf31b942dae1f9c7f6ad3b92",
                "sha256:c8435959321cf8aec867bbad54b83b7fb8343204b530d85d9ea7a1f5329d5ac2",
                "sha256:ccb77faeaad99e99c6c444d04862c6cf604204fe0a07d4c8f9cbf2c9012d7d5a",
                "sha256:e272ed97d20b026f4f25a012b25d7d7672a60e4f72b9ca385239d693cd91b2d5",
                "sha256:e57acb89bd55943c8d8bf813763d20b9099cc7165c0f16b707631a7654be9cad",
                "sha256:e93acd1f603a0c1786e0841f066ae7cef014cf4750e3cd06fd03cfdf46361419"
            ],
            "index": "pypi",
            "version": "==0.29.21"
        },
        "decorator": {
            "hashes": [
                "sha256:41fa54c2a0cc4ba648be4fd43cff00aedf5b9465c9bf18d64325bc225f08f760",
                "sha256:e3a62f0520172440ca0dcc823749319382e377f37f140a0b99ef45fecb84bfe7"
            ],
            "version": "==4.4.2"
        },
        "flake8": {
            "hashes": [
                "sha256:7253265f7abd8b313e3892944044a365e3f4ac3fcdcfb4298f55ee9ddf188ba0",
                "sha256:c7841163e2b576d435799169b78703ad6ac1bbb0f199994fc05f700b2a90ea37"
            ],
            "index": "pypi",
            "version": "==3.5.0"
        },
        "flake8-bugbear": {
            "hashes": [
                "sha256:07b6e769d7f4e168d590f7088eae40f6ddd9fa4952bed31602def65842682c83",
                "sha256:0ccf56975f4db1d69dc1cf3598c99d768ebf95d0cad27d76087954aa399b515a"
            ],
            "index": "pypi",
            "version": "==18.8.0"
        },
        "flake8-docstrings": {
            "hashes": [
                "sha256:4e0ce1476b64e6291520e5570cf12b05016dd4e8ae454b8a8a9a48bc5f84e1cd",
                "sha256:8436396b5ecad51a122a2c99ba26e5b4e623bf6e913b0fea0cb6c2c4050f91eb"
            ],
            "index": "pypi",
            "version": "==1.3.0"
        },
        "flake8-import-order": {
            "hashes": [
                "sha256:90a80e46886259b9c396b578d75c749801a41ee969a235e163cfe1be7afd2543",
                "sha256:a28dc39545ea4606c1ac3c24e9d05c849c6e5444a50fb7e9cdd430fc94de6e92"
            ],
            "index": "pypi",
            "version": "==0.18.1"
        },
        "flake8-per-file-ignores": {
            "hashes": [
                "sha256:2ee2b61e23cc84e7e76b8f7b2ffc135ec0c3331cba776bb5c03ab5d562b0f40c",
                "sha256:aeac75cc29425b3b4b73eaa92941939dbe16b83f689381ebaef1471982fdcb47"
            ],
            "index": "pypi",
            "version": "==0.8.1"
        },
        "flake8-polyfill": {
            "hashes": [
                "sha256:12be6a34ee3ab795b19ca73505e7b55826d5f6ad7230d31b18e106400169b9e9",
                "sha256:e44b087597f6da52ec6393a709e7108b2905317d0c0b744cdca6208e670d8eda"
            ],
            "version": "==1.0.2"
        },
        "flake8-quotes": {
            "hashes": [
                "sha256:fd9127ad8bbcf3b546fa7871a5266fd8623ce765ebe3d5aa5eabb80c01212b26"
            ],
            "index": "pypi",
            "version": "==1.0.0"
        },
        "fragile": {
            "path": ".",
            "version": "==0.0.53"
        },
        "future": {
            "hashes": [
                "sha256:b1bead90b70cf6ec3f0710ae53a525360fa360d306a86583adc6bf83a4db537d"
            ],
            "markers": "python_version >= '2.6' and python_version not in '3.0, 3.1, 3.2, 3.3'",
            "version": "==0.18.2"
        },
        "gym": {
            "hashes": [
                "sha256:a0dcd25c1373f3938f4cb4565f74f434fba6faefb73a42d09c9dddd0c08af53e"
            ],
            "markers": "python_version >= '3.6'",
            "version": "==0.18.0"
        },
        "isort": {
            "hashes": [
                "sha256:54da7e92468955c4fceacd0c86bd0ec997b0e1ee80d97f67c35a78b719dccab1",
                "sha256:6e811fcb295968434526407adb8796944f1988c5b65e8139058f2014cbe100fd"
            ],
            "markers": "python_version >= '2.7' and python_version not in '3.0, 3.1, 3.2, 3.3'",
            "version": "==4.3.21"
        },
        "judo": {
            "hashes": [
                "sha256:b23069c169ff7848a20dbb64ab1edf9dac2887f7865dec20ba3e878c95d9e1f8"
            ],
            "version": "==0.0.6"
        },
        "lazy-object-proxy": {
            "hashes": [
                "sha256:1d33d6f789697f401b75ce08e73b1de567b947740f768376631079290118ad39",
                "sha256:2f2de8f8ac0be3e40d17730e0600619d35c78c13a099ea91ef7fb4ad944ce694",
                "sha256:3782931963dc89e0e9a0ae4348b44762e868ea280e4f8c233b537852a8996ab9",
                "sha256:37d9c34b96cca6787fe014aeb651217944a967a5b165e2cacb6b858d2997ab84",
                "sha256:38c3865bd220bd983fcaa9aa11462619e84a71233bafd9c880f7b1cb753ca7fa",
                "sha256:429c4d1862f3fc37cd56304d880f2eae5bd0da83bdef889f3bd66458aac49128",
                "sha256:522b7c94b524389f4a4094c4bf04c2b02228454ddd17c1a9b2801fac1d754871",
                "sha256:57fb5c5504ddd45ed420b5b6461a78f58cbb0c1b0cbd9cd5a43ad30a4a3ee4d0",
                "sha256:5944a9b95e97de1980c65f03b79b356f30a43de48682b8bdd90aa5089f0ec1f4",
                "sha256:6f4e5e68b7af950ed7fdb594b3f19a0014a3ace0fedb86acb896e140ffb24302",
                "sha256:71a1ef23f22fa8437974b2d60fedb947c99a957ad625f83f43fd3de70f77f458",
                "sha256:8a44e9901c0555f95ac401377032f6e6af66d8fc1fbfad77a7a8b1a826e0b93c",
                "sha256:b6577f15d5516d7d209c1a8cde23062c0f10625f19e8dc9fb59268859778d7d7",
                "sha256:c8fe2d6ff0ff583784039d0255ea7da076efd08507f2be6f68583b0da32e3afb",
                "sha256:cadfa2c2cf54d35d13dc8d231253b7985b97d629ab9ca6e7d672c35539d38163",
                "sha256:cd1bdace1a8762534e9a36c073cd54e97d517a17d69a17985961265be6d22847",
                "sha256:ddbdcd10eb999d7ab292677f588b658372aadb9a52790f82484a37127a390108",
                "sha256:e7273c64bccfd9310e9601b8f4511d84730239516bada26a0c9846c9697617ef",
                "sha256:e7428977763150b4cf83255625a80a23dfdc94d43be7791ce90799d446b4e26f",
                "sha256:e960e8be509e8d6d618300a6c189555c24efde63e85acaf0b14b2cd1ac743315",
                "sha256:ecb5dd5990cec6e7f5c9c1124a37cb2c710c6d69b0c1a5c4aa4b35eba0ada068",
                "sha256:ef3f5e288aa57b73b034ce9c1f1ac753d968f9069cd0742d1d69c698a0167166",
                "sha256:fa5b2dee0e231fa4ad117be114251bdfe6afe39213bd629d43deb117b6a6c40a",
                "sha256:fa7fb7973c622b9e725bee1db569d2c2ee64d2f9a089201c5e8185d482c7352d"
            ],
            "markers": "python_version >= '2.7' and python_version not in '3.0, 3.1, 3.2, 3.3, 3.4'",
            "version": "==1.5.2"
        },
        "llvmlite": {
            "hashes": [
                "sha256:00fdf20d2f4972a00bcfaa9ce62ee55208ae5df38906a198650ddf91ba6a5fba",
                "sha256:1a917b1b27895d0707078028ae842b3184e617ac04014965b197212e00d8e057",
                "sha256:22ab2b9d7ec79fab66ac8b3d2133347de86addc2e2df1b3793e523ac84baa3c8",
                "sha256:312cca3af9f539a81432cd47f06a621d895c21e8cb1db2f9cfb22acd7fb69fa5",
                "sha256:3601a869da83e5fb1abbe55ecfcecb957f9d899179a4ef66fc4b3b82b461fc5a",
                "sha256:363738f3eb3c6bed65cac38f295ff81a19a74e5aeab3d02e4e3b820279d8e36a",
                "sha256:4e8154d1496a58157652fad1b13d817f73db80eb85b5915d49a9573a26655e38",
                "sha256:5593acefd5f01765ee403ea4b0288a59aff2276eb8f5241deb2e52018219a66a",
                "sha256:5a771ae6398c24117797e9fa0fa70def5334eeab918beaafd40718e80e5f936a",
                "sha256:5bcbb90807a42cd7f47d32e25e270a6886f89ae6783059ee3e1e4aa13d13f2a0",
                "sha256:5c676a549f44e559d7406824de83f659995b13b80c18aca4760981c9049a1a2d",
                "sha256:607fb3738cdc803ffcc69ef3732595f7c66c203c5a7eea35b26f89822fb2baaa",
                "sha256:6699b0e6637f4f8624c2dd069b7b427da582f7ca3900f080bfebb5ff556272bd",
                "sha256:6e4129f2d33a76c1415d2808bae58a15d5480b1cc09fd3e80fc8d0e25bf6c27e",
                "sha256:7e8baa6d5b4383ca7b0abe0e8968b16d4e6b1c0691cbcef18eab298e9c840b5e",
                "sha256:7f4bffdf6cb4f5bab4060ea57cdc11344d9b406227efb8ae1c5e4823e8d146d1",
                "sha256:8189c8ad167ef8a65f4bbf9cbff19efbec7f0392996eec18f5e6b274462111b7",
                "sha256:81fc9ac6682a41f53bca113a8f97959b92728112f91714e850a72dc6d9dd8ced",
                "sha256:947b81539aa751ff627626172a3bdb0ba0a92bfd1de1847f4c1ad7928ea2ea70",
                "sha256:94c5c625088a9ddc0fcd2953f1e7cd94038e3c90b24522a5ba10559b2dd7f563",
                "sha256:c842b722a38370ef5836e16cf73981da8f2f3765cead55b2d51fc87c65840f70",
                "sha256:c999bbf838b7b29b81e070517ec2dad7f408428e4651f779028e0a35ed6f2dea",
                "sha256:d2a4e62b9f703bb669bb78ca45202dfedf6a1df000866d3ed694f29a85a73f4f",
                "sha256:d45b733f5ac76838a20c56d19d6a3032b856c2cedf7a65ce2a4e8a45f4062f93",
                "sha256:ebc86e3bb85fd2ad7f88ce80507350814719195d7555a802cd628713d3c08883",
                "sha256:fdba22341cefbdd7b8d57cc23256b5d5ab16faa64d744d66ecae6a0af86b1f9b"
            ],
            "version": "==0.31.0"
        },
        "mccabe": {
            "hashes": [
                "sha256:ab8a6258860da4b6677da4bd2fe5dc2c659cff31b3ee4f7f5d64e79735b80d42",
                "sha256:dd8d182285a0fe56bace7f45b5e7d1a6ebcbf524e8f3bd87eb0f125271b8831f"
            ],
            "version": "==0.6.1"
        },
        "mypy-extensions": {
            "hashes": [
                "sha256:090fedd75945a69ae91ce1303b5824f428daf5a028d2f6ab8a299250a846f15d",
                "sha256:2d82818f5bb3e369420cb3c4060a7970edba416647068eb4c5343488a6c604a8"
            ],
            "version": "==0.4.3"
        },
        "networkx": {
            "hashes": [
                "sha256:cdfbf698749a5014bf2ed9db4a07a5295df1d3a53bf80bf3cbd61edf9df05fa1",
                "sha256:f8f4ff0b6f96e4f9b16af6b84622597b5334bf9cae8cf9b2e42e7985d5c95c64"
            ],
            "index": "pypi",
            "version": "==2.4"
        },
        "numba": {
            "hashes": [
                "sha256:076316df9d28a9998d2528baf39275d8a2dc781dd7d2c5e163aa3cb59ecac8da",
                "sha256:139ef37fe367d67daf82d131962b33c6b0a6bf53f8af5689bed233e5a7395438",
                "sha256:2fcce007f90bba1d47ecc7511732a9fd38823f5499f7dd0f1debab764677ec5e",
                "sha256:3936ff4234cda9d17b921f7604f09045fefbe94b0f14c7a0d2c43aa9329b05a6",
                "sha256:43663ed9ffc67adb1977d1ada188c636389d3c1d2812687f5480f468019b5a6c",
                "sha256:43a432f66b74d9c01090aef86ffd4bec1ee1b987cafeab478f77123985885cd5",
                "sha256:467564f72a30abaf55d55b30998818b34c10fd85cbcfa505a1c67cbd09d79a96",
                "sha256:489f010fab602d1f978a33e5449ce44b782d7a2a860fb3c23711abb2631920b0",
                "sha256:5128e59c62e7b6cd6ed31d2e091d2a3df703e8411ae13db88d1ca00c4ec67a79",
                "sha256:552f96244d484c985fedc6710a176e98b08f1d9578560df72bbe936e02b3d16f",
                "sha256:5aad5e53e86319de37662991faca1cf1df9adfa655c05a2638951df1955b4096",
                "sha256:6fa587d4a6c6e2c27dea3e5f25a9505e709d933594fba1ab4677d2b798d9ed0a",
                "sha256:845d61e309a660c7b84d9cf68b1d8285d93ba7153e9a8f297f0bc9e25a3c9cb8",
                "sha256:86bee1f1b1096f948c661fedfecd7063aad1d0a5c6ac37f7a6c411fd2b1de1a9",
                "sha256:8c25667d9f6a962bf71170041fd30f548cb56eb05f258f979ef30dfb26d25ce6",
                "sha256:8db2bb6eb08fd1a5d3c039ccde32e7b943b26ccd4b6d78fbd61998dab48d6d34",
                "sha256:98d38454f6c0de2f3c4052732f34020aea6b518cb9fcfc07fbb5fe4093f69ea3",
                "sha256:9d21bc77e67006b5723052840c88cc59248e079a907cc68f1a1a264e1eaba017",
                "sha256:a82ff049f13d0372ccf5985af0eaa10efc0be8299cf9bed495f87405769db600",
                "sha256:bceef6378647f78e316b8421f09a2bac36961affd66aa61d48160d68992172d1",
                "sha256:cdd393ec83f86f0a830d27536707c47808e4b8ac7913c6589cb18b4275d8cc9c",
                "sha256:daa8deefad91c4ca6f7b8a4ca1d434b0964bc171c6e06554ce7b16a0f6ddaf8b",
                "sha256:e13b0228306980d4e26bd481981959974703ae314c0da89b0a960531b3f7e92d",
                "sha256:e49e4156240297f2bacf750d3fef24b51fc85d89fc18ec3656183629944277be",
                "sha256:ef945c290e528da513ba2a81e4a34ebbfef4657aaa442a64fcbc7330d031d66a",
                "sha256:f6332fee58f3b04ea168bea1a53c2d26817ba7be88ce3d8be032ed428a44b9df"
            ],
            "index": "pypi",
            "version": "==0.48.0"
        },
        "numpy": {
            "hashes": [
                "sha256:1598a6de323508cfeed6b7cd6c4efb43324f4692e20d1f76e1feec7f59013448",
                "sha256:1b0ece94018ae21163d1f651b527156e1f03943b986188dd81bc7e066eae9d1c",
                "sha256:2e40be731ad618cb4974d5ba60d373cdf4f1b8dcbf1dcf4d9dff5e212baf69c5",
                "sha256:4ba59db1fcc27ea31368af524dcf874d9277f21fd2e1f7f1e2e0c75ee61419ed",
                "sha256:59ca9c6592da581a03d42cc4e270732552243dc45e87248aa8d636d53812f6a5",
                "sha256:5e0feb76849ca3e83dd396254e47c7dba65b3fa9ed3df67c2556293ae3e16de3",
                "sha256:6d205249a0293e62bbb3898c4c2e1ff8a22f98375a34775a259a0523111a8f6c",
                "sha256:6fcc5a3990e269f86d388f165a089259893851437b904f422d301cdce4ff25c8",
                "sha256:82847f2765835c8e5308f136bc34018d09b49037ec23ecc42b246424c767056b",
                "sha256:87902e5c03355335fc5992a74ba0247a70d937f326d852fc613b7f53516c0963",
                "sha256:9ab21d1cb156a620d3999dd92f7d1c86824c622873841d6b080ca5495fa10fef",
                "sha256:a1baa1dc8ecd88fb2d2a651671a84b9938461e8a8eed13e2f0a812a94084d1fa",
                "sha256:a244f7af80dacf21054386539699ce29bcc64796ed9850c99a34b41305630286",
                "sha256:a35af656a7ba1d3decdd4fae5322b87277de8ac98b7d9da657d9e212ece76a61",
                "sha256:b1fe1a6f3a6f355f6c29789b5927f8bd4f134a4bd9a781099a7c4f66af8850f5",
                "sha256:b5ad0adb51b2dee7d0ee75a69e9871e2ddfb061c73ea8bc439376298141f77f5",
                "sha256:ba3c7a2814ec8a176bb71f91478293d633c08582119e713a0c5351c0f77698da",
                "sha256:cd77d58fb2acf57c1d1ee2835567cd70e6f1835e32090538f17f8a3a99e5e34b",
                "sha256:cdb3a70285e8220875e4d2bc394e49b4988bdb1298ffa4e0bd81b2f613be397c",
                "sha256:deb529c40c3f1e38d53d5ae6cd077c21f1d49e13afc7936f7f868455e16b64a0",
                "sha256:e7894793e6e8540dbeac77c87b489e331947813511108ae097f1715c018b8f3d"
            ],
            "index": "pypi",
            "version": "==1.18.2"
        },
        "opencv-python": {
            "hashes": [
                "sha256:30edebc81b260bcfeb760b3600c367c5261dfb2fe41e5d1408d5357d0867b40d",
                "sha256:32dee1c9fd3e31e28edef7b56f868e2b40e280b7062304f9fb8a14dbc51547d5",
                "sha256:4982fa8ccc38310a2bd93e06334ba090b12b6aff2f6fcb8ff9613e3c9bc48f48",
                "sha256:5172cb37dfd8a0b4945b071a493eb36e5f17675a160637fa380f9c1d9d80535c",
                "sha256:6d8434a45e8f75c4da5fd0068ce001f4f8e35771cc851d746d4721eeaf517e25",
                "sha256:78a6db8467639383caedf1d111da3510a4ee1a0aacf2117821cae2ee8f92ce37",
                "sha256:9646875c501788b1b098f282d777b667d6da69801739504f1b2fd1268970d1da",
                "sha256:9c77d508e6822f1f40c727d21b822d017622d8305dce7eccf0ab06caac16d5c6",
                "sha256:a1dfa0486db367594510c0c799ec7481247dc86e651b69008806d875ab731471",
                "sha256:b2b9ac86aec5f2dd531545cebdea1a1ef4f81ef1fb1760d78b4725f9575504f9",
                "sha256:bcb27773cfd5340b2b599b303d9f5499838ef4780c20c038f6030175408c64df",
                "sha256:c0503bfaa2b7b743d6ff5d81f1dd8428dbf4c33e7e4f836456d11be20c2e7721",
                "sha256:c1159d91f29a85c3333edef6ca420284566d9bcdae46dda2fe7282515b48c8b6",
                "sha256:c4ea4f8b217f3e8be6247fc0787fb81797d85202c722523f41070124a7a621c7",
                "sha256:c8cc1f5ff3c352ebe756119014c4e4ec7ae5ac536d1f66b0316667ced37637c8",
                "sha256:d16144c435b816c5536d5ff012c1a2b7e93155017db7103942ff7efb98c4df1f",
                "sha256:d8aefcb30b71064dbbaa2b0ace161a36464c29375a83998fbda39a1d1740f942",
                "sha256:e27d062fa1098d90f48b6c047351c89816492a08906a021c973ce510b04a7b9d",
                "sha256:e2c17714da59d9d516ceef0450766ff9557ee232d62f702665af905193557582",
                "sha256:e38fbd7b2db03204ec09930609b7313d6b6d2b271c8fe2c0aa271fa69b726a1b",
                "sha256:e77d0feaff37326f62b127098264e2a7099deb476e38432b1083ce11cdedf560",
                "sha256:ebe83901971a6755512424c4fe9f63341cca501b7c497bf608dd38ee31ba3f4c",
                "sha256:efac9893d9e21cfb599828801c755ecde8f1e657f05ec6f002efe19422456d5a",
                "sha256:fc1472b825d26c8a4f1cfb172a90c3cc47733e4af7522276c1c2efe8f6006a8b",
                "sha256:ffc75c614b8dc3d8102f3ba15dafd6ec0400c7ffa71a91953d41511964ee50e0"
            ],
            "markers": "python_version >= '3.6'",
            "version": "==4.5.1.48"
        },
        "pathmatch": {
            "hashes": [
                "sha256:ea020e5e20114b2587eba2c9f909a0b9aa449e55522ce80bfac7da0fe695984d"
            ],
            "version": "==0.2.2"
        },
        "pathspec": {
            "hashes": [
                "sha256:86379d6b86d75816baba717e64b1a3a3469deb93bb76d613c9ce79edc5cb68fd",
                "sha256:aa0cb481c4041bf52ffa7b0d8fa6cd3e88a2ca4879c533c9153882ee2556790d"
            ],
            "version": "==0.8.1"
        },
        "pillow": {
            "hashes": [
                "sha256:0295442429645fa16d05bd567ef5cff178482439c9aad0411d3f0ce9b88b3a6f",
                "sha256:06aba4169e78c439d528fdeb34762c3b61a70813527a2c57f0540541e9f433a8",
                "sha256:09d7f9e64289cb40c2c8d7ad674b2ed6105f55dc3b09aa8e4918e20a0311e7ad",
                "sha256:0a80dd307a5d8440b0a08bd7b81617e04d870e40a3e46a32d9c246e54705e86f",
                "sha256:1ca594126d3c4def54babee699c055a913efb01e106c309fa6b04405d474d5ae",
                "sha256:25930fadde8019f374400f7986e8404c8b781ce519da27792cbe46eabec00c4d",
                "sha256:431b15cffbf949e89df2f7b48528be18b78bfa5177cb3036284a5508159492b5",
                "sha256:52125833b070791fcb5710fabc640fc1df07d087fc0c0f02d3661f76c23c5b8b",
                "sha256:5e51ee2b8114def244384eda1c82b10e307ad9778dac5c83fb0943775a653cd8",
                "sha256:612cfda94e9c8346f239bf1a4b082fdd5c8143cf82d685ba2dba76e7adeeb233",
                "sha256:6d7741e65835716ceea0fd13a7d0192961212fd59e741a46bbed7a473c634ed6",
                "sha256:6edb5446f44d901e8683ffb25ebdfc26988ee813da3bf91e12252b57ac163727",
                "sha256:725aa6cfc66ce2857d585f06e9519a1cc0ef6d13f186ff3447ab6dff0a09bc7f",
                "sha256:8dad18b69f710bf3a001d2bf3afab7c432785d94fcf819c16b5207b1cfd17d38",
                "sha256:94cf49723928eb6070a892cb39d6c156f7b5a2db4e8971cb958f7b6b104fb4c4",
                "sha256:97f9e7953a77d5a70f49b9a48da7776dc51e9b738151b22dacf101641594a626",
                "sha256:9ad7f865eebde135d526bb3163d0b23ffff365cf87e767c649550964ad72785d",
                "sha256:9c87ef410a58dd54b92424ffd7e28fd2ec65d2f7fc02b76f5e9b2067e355ebf6",
                "sha256:a060cf8aa332052df2158e5a119303965be92c3da6f2d93b6878f0ebca80b2f6",
                "sha256:c79f9c5fb846285f943aafeafda3358992d64f0ef58566e23484132ecd8d7d63",
                "sha256:c92302a33138409e8f1ad16731568c55c9053eee71bb05b6b744067e1b62380f",
                "sha256:d08b23fdb388c0715990cbc06866db554e1822c4bdcf6d4166cf30ac82df8c41",
                "sha256:d350f0f2c2421e65fbc62690f26b59b0bcda1b614beb318c81e38647e0f673a1",
                "sha256:e901964262a56d9ea3c2693df68bc9860b8bdda2b04768821e4c44ae797de117",
                "sha256:ec29604081f10f16a7aea809ad42e27764188fc258b02259a03a8ff7ded3808d",
                "sha256:edf31f1150778abd4322444c393ab9c7bd2af271dd4dafb4208fb613b1f3cdc9",
                "sha256:f7e30c27477dffc3e85c2463b3e649f751789e0f6c8456099eea7ddd53be4a8a",
                "sha256:ffe538682dc19cc542ae7c3e504fdf54ca7f86fb8a135e59dd6bc8627eae6cce"
            ],
            "markers": "python_version >= '3.5'",
            "version": "==7.2.0"
        },
        "pillow-simd": {
            "hashes": [
                "sha256:c27907af0e7ede1ceed281719e722e7dbf3e1dbfe561373978654a6b64896cb7"
            ],
            "version": "==7.0.0.post3"
        },
        "plangym": {
            "hashes": [
                "sha256:04bf3328c1348acc6363c33a24eb51951a48dfbda9801318675e3a53d106582c"
            ],
            "index": "pypi",
            "version": "==0.0.7"
        },
        "pycodestyle": {
            "hashes": [
                "sha256:682256a5b318149ca0d2a9185d365d8864a768a28db66a84a2ea946bcc426766",
                "sha256:6c4245ade1edfad79c3446fadfc96b0de2759662dc29d07d80a6f27ad1ca6ba9"
            ],
            "version": "==2.3.1"
        },
        "pydocstyle": {
            "hashes": [
                "sha256:2258f9b0df68b97bf3a6c29003edc5238ff8879f1efb6f1999988d934e432bd8",
                "sha256:5741c85e408f9e0ddf873611085e819b809fca90b619f5fd7f34bd4959da3dd4",
                "sha256:ed79d4ec5e92655eccc21eb0c6cf512e69512b4a97d215ace46d17e4990f2039"
            ],
            "index": "pypi",
            "version": "==3.0.0"
        },
        "pyflakes": {
            "hashes": [
                "sha256:08bd6a50edf8cffa9fa09a463063c425ecaaf10d1eb0335a7e8b1401aef89e6f",
                "sha256:8d616a382f243dbf19b54743f280b80198be0bca3a5396f1d2e1fca6223e8805"
            ],
            "version": "==1.6.0"
        },
        "pyglet": {
            "hashes": [
                "sha256:6ea918985feddfa9bf0fcc01ffe9ff5849e7b6e832d9b2e03b9d2a36369cb6ee",
                "sha256:a42f599ebd0dc8113563041c402ae09be05cdcbc643bb1183785141ba3c3304e"
            ],
            "version": "==1.5.0"
        },
        "pylint": {
            "hashes": [
                "sha256:5d77031694a5fb97ea95e828c8d10fc770a1df6eb3906067aaed42201a8a6a09",
                "sha256:723e3db49555abaf9bf79dc474c6b9e2935ad82230b10c1138a71ea41ac0fff1"
            ],
            "index": "pypi",
            "version": "==2.3.1"
        },
        "pyyaml": {
            "hashes": [
                "sha256:08682f6b72c722394747bddaf0aa62277e02557c0fd1c42cb853016a38f8dedf",
                "sha256:0f5f5786c0e09baddcd8b4b45f20a7b5d61a7e7e99846e3c799b05c7c53fa696",
                "sha256:129def1b7c1bf22faffd67b8f3724645203b79d8f4cc81f674654d9902cb4393",
                "sha256:294db365efa064d00b8d1ef65d8ea2c3426ac366c0c4368d930bf1c5fb497f77",
                "sha256:3b2b1824fe7112845700f815ff6a489360226a5609b96ec2190a45e62a9fc922",
                "sha256:3bd0e463264cf257d1ffd2e40223b197271046d09dadf73a0fe82b9c1fc385a5",
                "sha256:4465124ef1b18d9ace298060f4eccc64b0850899ac4ac53294547536533800c8",
                "sha256:49d4cdd9065b9b6e206d0595fee27a96b5dd22618e7520c33204a4a3239d5b10",
                "sha256:4e0583d24c881e14342eaf4ec5fbc97f934b999a6828693a99157fde912540cc",
                "sha256:5accb17103e43963b80e6f837831f38d314a0495500067cb25afab2e8d7a4018",
                "sha256:607774cbba28732bfa802b54baa7484215f530991055bb562efbed5b2f20a45e",
                "sha256:6c78645d400265a062508ae399b60b8c167bf003db364ecb26dcab2bda048253",
                "sha256:74c1485f7707cf707a7aef42ef6322b8f97921bd89be2ab6317fd782c2d53183",
                "sha256:8c1be557ee92a20f184922c7b6424e8ab6691788e6d86137c5d93c1a6ec1b8fb",
                "sha256:bb4191dfc9306777bc594117aee052446b3fa88737cd13b7188d0e7aa8162185",
                "sha256:c20cfa2d49991c8b4147af39859b167664f2ad4561704ee74c1de03318e898db",
                "sha256:d2d9808ea7b4af864f35ea216be506ecec180628aced0704e34aca0b040ffe46",
                "sha256:dd5de0646207f053eb0d6c74ae45ba98c3395a571a2891858e87df7c9b9bd51b",
                "sha256:e1d4970ea66be07ae37a3c2e48b5ec63f7ba6804bdddfdbd3cfd954d25a82e63",
                "sha256:e4fac90784481d221a8e4b1162afa7c47ed953be40d31ab4629ae917510051df",
                "sha256:fa5ae20527d8e831e8230cbffd9f8fe952815b2b7dae6ffec25318803a7528fc"
            ],
            "index": "pypi",
            "version": "==5.4.1"
        },
        "regex": {
            "hashes": [
                "sha256:02951b7dacb123d8ea6da44fe45ddd084aa6777d4b2454fa0da61d569c6fa538",
                "sha256:0d08e71e70c0237883d0bef12cad5145b84c3705e9c6a588b2a9c7080e5af2a4",
                "sha256:1862a9d9194fae76a7aaf0150d5f2a8ec1da89e8b55890b1786b8f88a0f619dc",
                "sha256:1ab79fcb02b930de09c76d024d279686ec5d532eb814fd0ed1e0051eb8bd2daa",
                "sha256:1fa7ee9c2a0e30405e21031d07d7ba8617bc590d391adfc2b7f1e8b99f46f444",
                "sha256:262c6825b309e6485ec2493ffc7e62a13cf13fb2a8b6d212f72bd53ad34118f1",
                "sha256:2a11a3e90bd9901d70a5b31d7dd85114755a581a5da3fc996abfefa48aee78af",
                "sha256:2c99e97d388cd0a8d30f7c514d67887d8021541b875baf09791a3baad48bb4f8",
                "sha256:3128e30d83f2e70b0bed9b2a34e92707d0877e460b402faca908c6667092ada9",
                "sha256:38c8fd190db64f513fe4e1baa59fed086ae71fa45083b6936b52d34df8f86a88",
                "sha256:3bddc701bdd1efa0d5264d2649588cbfda549b2899dc8d50417e47a82e1387ba",
                "sha256:4902e6aa086cbb224241adbc2f06235927d5cdacffb2425c73e6570e8d862364",
                "sha256:49cae022fa13f09be91b2c880e58e14b6da5d10639ed45ca69b85faf039f7a4e",
                "sha256:56e01daca75eae420bce184edd8bb341c8eebb19dd3bce7266332258f9fb9dd7",
                "sha256:5862975b45d451b6db51c2e654990c1820523a5b07100fc6903e9c86575202a0",
                "sha256:6a8ce43923c518c24a2579fda49f093f1397dad5d18346211e46f134fc624e31",
                "sha256:6c54ce4b5d61a7129bad5c5dc279e222afd00e721bf92f9ef09e4fae28755683",
                "sha256:6e4b08c6f8daca7d8f07c8d24e4331ae7953333dbd09c648ed6ebd24db5a10ee",
                "sha256:717881211f46de3ab130b58ec0908267961fadc06e44f974466d1887f865bd5b",
                "sha256:749078d1eb89484db5f34b4012092ad14b327944ee7f1c4f74d6279a6e4d1884",
                "sha256:7913bd25f4ab274ba37bc97ad0e21c31004224ccb02765ad984eef43e04acc6c",
                "sha256:7a25fcbeae08f96a754b45bdc050e1fb94b95cab046bf56b016c25e9ab127b3e",
                "sha256:83d6b356e116ca119db8e7c6fc2983289d87b27b3fac238cfe5dca529d884562",
                "sha256:8b882a78c320478b12ff024e81dc7d43c1462aa4a3341c754ee65d857a521f85",
                "sha256:8f6a2229e8ad946e36815f2a03386bb8353d4bde368fdf8ca5f0cb97264d3b5c",
                "sha256:9801c4c1d9ae6a70aeb2128e5b4b68c45d4f0af0d1535500884d644fa9b768c6",
                "sha256:a15f64ae3a027b64496a71ab1f722355e570c3fac5ba2801cafce846bf5af01d",
                "sha256:a3d748383762e56337c39ab35c6ed4deb88df5326f97a38946ddd19028ecce6b",
                "sha256:a63f1a07932c9686d2d416fb295ec2c01ab246e89b4d58e5fa468089cab44b70",
                "sha256:b2b1a5ddae3677d89b686e5c625fc5547c6e492bd755b520de5332773a8af06b",
                "sha256:b2f4007bff007c96a173e24dcda236e5e83bde4358a557f9ccf5e014439eae4b",
                "sha256:baf378ba6151f6e272824b86a774326f692bc2ef4cc5ce8d5bc76e38c813a55f",
                "sha256:bafb01b4688833e099d79e7efd23f99172f501a15c44f21ea2118681473fdba0",
                "sha256:bba349276b126947b014e50ab3316c027cac1495992f10e5682dc677b3dfa0c5",
                "sha256:c084582d4215593f2f1d28b65d2a2f3aceff8342aa85afd7be23a9cad74a0de5",
                "sha256:d1ebb090a426db66dd80df8ca85adc4abfcbad8a7c2e9a5ec7513ede522e0a8f",
                "sha256:d2d8ce12b7c12c87e41123997ebaf1a5767a5be3ec545f64675388970f415e2e",
                "sha256:e32f5f3d1b1c663af7f9c4c1e72e6ffe9a78c03a31e149259f531e0fed826512",
                "sha256:e3faaf10a0d1e8e23a9b51d1900b72e1635c2d5b0e1bea1c18022486a8e2e52d",
                "sha256:f7d29a6fc4760300f86ae329e3b6ca28ea9c20823df123a2ea8693e967b29917",
                "sha256:f8f295db00ef5f8bae530fc39af0b40486ca6068733fb860b42115052206466f"
            ],
            "version": "==2020.11.13"
        },
        "scipy": {
            "hashes": [
                "sha256:00af72998a46c25bdb5824d2b729e7dabec0c765f9deb0b504f928591f5ff9d4",
                "sha256:0902a620a381f101e184a958459b36d3ee50f5effd186db76e131cbefcbb96f7",
                "sha256:1e3190466d669d658233e8a583b854f6386dd62d655539b77b3fa25bfb2abb70",
                "sha256:2cce3f9847a1a51019e8c5b47620da93950e58ebc611f13e0d11f4980ca5fecb",
                "sha256:3092857f36b690a321a662fe5496cb816a7f4eecd875e1d36793d92d3f884073",
                "sha256:386086e2972ed2db17cebf88610aab7d7f6e2c0ca30042dc9a89cf18dcc363fa",
                "sha256:71eb180f22c49066f25d6df16f8709f215723317cc951d99e54dc88020ea57be",
                "sha256:770254a280d741dd3436919d47e35712fb081a6ff8bafc0f319382b954b77802",
                "sha256:787cc50cab3020a865640aba3485e9fbd161d4d3b0d03a967df1a2881320512d",
                "sha256:8a07760d5c7f3a92e440ad3aedcc98891e915ce857664282ae3c0220f3301eb6",
                "sha256:8d3bc3993b8e4be7eade6dcc6fd59a412d96d3a33fa42b0fa45dc9e24495ede9",
                "sha256:9508a7c628a165c2c835f2497837bf6ac80eb25291055f56c129df3c943cbaf8",
                "sha256:a144811318853a23d32a07bc7fd5561ff0cac5da643d96ed94a4ffe967d89672",
                "sha256:a1aae70d52d0b074d8121333bc807a485f9f1e6a69742010b33780df2e60cfe0",
                "sha256:a2d6df9eb074af7f08866598e4ef068a2b310d98f87dc23bd1b90ec7bdcec802",
                "sha256:bb517872058a1f087c4528e7429b4a44533a902644987e7b2fe35ecc223bc408",
                "sha256:c5cac0c0387272ee0e789e94a570ac51deb01c796b37fb2aad1fb13f85e2f97d",
                "sha256:cc971a82ea1170e677443108703a2ec9ff0f70752258d0e9f5433d00dda01f59",
                "sha256:dba8306f6da99e37ea08c08fef6e274b5bf8567bb094d1dbe86a20e532aca088",
                "sha256:dc60bb302f48acf6da8ca4444cfa17d52c63c5415302a9ee77b3b21618090521",
                "sha256:dee1bbf3a6c8f73b6b218cb28eed8dd13347ea2f87d572ce19b289d6fd3fbc59"
            ],
            "index": "pypi",
            "version": "==1.4.1"
        },
        "six": {
            "hashes": [
                "sha256:30639c035cdb23534cd4aa2dd52c3bf48f06e5f4a941509c8bafd8ce11080259",
                "sha256:8b74bedcbbbaca38ff6d7491d76f2b06b3592611af620f8426e82dddb04a5ced"
            ],
            "markers": "python_version >= '2.7' and python_version not in '3.0, 3.1, 3.2, 3.3'",
            "version": "==1.15.0"
        },
        "snowballstemmer": {
            "hashes": [
                "sha256:b51b447bea85f9968c13b650126a888aabd4cb4463fca868ec596826325dedc2",
                "sha256:e997baa4f2e9139951b6f4c631bad912dfd3c792467e2f03d7239464af90e914"
            ],
            "version": "==2.1.0"
        },
        "toml": {
            "hashes": [
                "sha256:806143ae5bfb6a3c6e736a764057db0e6a0e05e338b5630894a5f779cabb4f9b",
                "sha256:b3bda1d108d5dd99f4a20d24d9c348e91c4db7ab1b749200bded2f839ccbe68f"
            ],
            "markers": "python_version >= '2.6' and python_version not in '3.0, 3.1, 3.2, 3.3'",
            "version": "==0.10.2"
        },
        "tqdm": {
            "hashes": [
                "sha256:65185676e9fdf20d154cffd1c5de8e39ef9696ff7e59fe0156b1b08e468736af",
                "sha256:70657337ec104eb4f3fb229285358f23f045433f6aea26846cdd55f0fd68945c"
            ],
            "markers": "python_version >= '2.7' and python_version not in '3.0, 3.1, 3.2, 3.3'",
            "version": "==4.57.0"
        },
        "typed-ast": {
            "hashes": [
                "sha256:07d49388d5bf7e863f7fa2f124b1b1d89d8aa0e2f7812faff0a5658c01c59aa1",
                "sha256:14bf1522cdee369e8f5581238edac09150c765ec1cb33615855889cf33dcb92d",
                "sha256:240296b27397e4e37874abb1df2a608a92df85cf3e2a04d0d4d61055c8305ba6",
                "sha256:36d829b31ab67d6fcb30e185ec996e1f72b892255a745d3a82138c97d21ed1cd",
                "sha256:37f48d46d733d57cc70fd5f30572d11ab8ed92da6e6b28e024e4a3edfb456e37",
                "sha256:4c790331247081ea7c632a76d5b2a265e6d325ecd3179d06e9cf8d46d90dd151",
                "sha256:5dcfc2e264bd8a1db8b11a892bd1647154ce03eeba94b461effe68790d8b8e07",
                "sha256:7147e2a76c75f0f64c4319886e7639e490fee87c9d25cb1d4faef1d8cf83a440",
                "sha256:7703620125e4fb79b64aa52427ec192822e9f45d37d4b6625ab37ef403e1df70",
                "sha256:8368f83e93c7156ccd40e49a783a6a6850ca25b556c0fa0240ed0f659d2fe496",
                "sha256:84aa6223d71012c68d577c83f4e7db50d11d6b1399a9c779046d75e24bed74ea",
                "sha256:85f95aa97a35bdb2f2f7d10ec5bbdac0aeb9dafdaf88e17492da0504de2e6400",
                "sha256:8db0e856712f79c45956da0c9a40ca4246abc3485ae0d7ecc86a20f5e4c09abc",
                "sha256:9044ef2df88d7f33692ae3f18d3be63dec69c4fb1b5a4a9ac950f9b4ba571606",
                "sha256:963c80b583b0661918718b095e02303d8078950b26cc00b5e5ea9ababe0de1fc",
                "sha256:987f15737aba2ab5f3928c617ccf1ce412e2e321c77ab16ca5a293e7bbffd581",
                "sha256:9ec45db0c766f196ae629e509f059ff05fc3148f9ffd28f3cfe75d4afb485412",
                "sha256:9fc0b3cb5d1720e7141d103cf4819aea239f7d136acf9ee4a69b047b7986175a",
                "sha256:a2c927c49f2029291fbabd673d51a2180038f8cd5a5b2f290f78c4516be48be2",
                "sha256:a38878a223bdd37c9709d07cd357bb79f4c760b29210e14ad0fb395294583787",
                "sha256:b4fcdcfa302538f70929eb7b392f536a237cbe2ed9cba88e3bf5027b39f5f77f",
                "sha256:c0c74e5579af4b977c8b932f40a5464764b2f86681327410aa028a22d2f54937",
                "sha256:c1c876fd795b36126f773db9cbb393f19808edd2637e00fd6caba0e25f2c7b64",
                "sha256:c9aadc4924d4b5799112837b226160428524a9a45f830e0d0f184b19e4090487",
                "sha256:cc7b98bf58167b7f2db91a4327da24fb93368838eb84a44c472283778fc2446b",
                "sha256:cf54cfa843f297991b7388c281cb3855d911137223c6b6d2dd82a47ae5125a41",
                "sha256:d003156bb6a59cda9050e983441b7fa2487f7800d76bdc065566b7d728b4581a",
                "sha256:d175297e9533d8d37437abc14e8a83cbc68af93cc9c1c59c2c292ec59a0697a3",
                "sha256:d746a437cdbca200622385305aedd9aef68e8a645e385cc483bdc5e488f07166",
                "sha256:e683e409e5c45d5c9082dc1daf13f6374300806240719f95dc783d1fc942af10"
            ],
            "version": "==1.4.2"
        },
        "typing": {
            "hashes": [
                "sha256:1187fb9c82fd670d10aa07bbb6cfcfe4bdda42d6fab8d5134f04e8c4d0b71cc9",
                "sha256:283d868f5071ab9ad873e5e52268d611e851c870a2ba354193026f2dfb29d8b5"
            ],
            "markers": "python_version >= '2.7' and python_version not in '3.0, 3.1, 3.2, 3.3'",
            "version": "==3.7.4.3"
        },
        "typing-extensions": {
            "hashes": [
                "sha256:7cb407020f00f7bfc3cb3e7881628838e69d8f3fcab2f64742a5e76b2f841918",
                "sha256:99d4073b617d30288f569d3f13d2bd7548c3a7e4c8de87db09a9d29bb3a4a60c",
                "sha256:dafc7639cde7f1b6e1acc0f457842a83e722ccca8eef5270af2d74792619a89f"
            ],
            "path": ".",
            "version": "==3.7.4.3"
        },
        "wrapt": {
            "hashes": [
                "sha256:b62ffa81fb85f4332a4f609cab4ac40709470da05643a082ec1eb88e6d9b97d7"
            ],
            "version": "==1.12.1"
        },
        "xxhash": {
            "hashes": [
                "sha256:06d3350a7586cf4938c5941c3744ab7f633204acb3c4c3d96f694fb0ee8d1bcc",
                "sha256:100a97c2ea069f1f03107d1a6894094fa59fb17707bc779e0e127597cac956f9",
                "sha256:1cdd06fa8cd9a0238b6deed08ac21455d45cda7c92665356093f36bec1707a71",
                "sha256:1d6e4f9c1a8db495f256932c21a321388ac351503525503f587304fef24b60ff",
                "sha256:203ba0c2df5bd9a6990dd8521b0d5b03cf7bebac0790cc740c18e61f0aeccc89",
                "sha256:217dfbbebeeb84523577410dbb5ae04b86aadec705f074006a329c039684d4f6",
                "sha256:2e17e1c9970b8cd6cf80eab92dd4b45b482d90b6b7b1d55d7904ff5858952408",
                "sha256:2f7930f70db5bc36415ac13d7b8f4605c50b03f03f13d482b0df110f2a6249e0",
                "sha256:37531a8518683594ba05030065f5e8a0f27d49febfe7cd43ad605317677fd314",
                "sha256:431051a97c72f8b06b62e26a0f11364a67379825eb650850428611120d102c0c",
                "sha256:449f22427435e046430a0f6b72bd87acf6e414205e8038dd6c8bf91466438452",
                "sha256:4afcdfe638f49f82a6f24373f85c811cafff32438fbdaedfd540bf1d44ff5b81",
                "sha256:507cb7dfd4eba033987b812333705b64ba484a0ac1cec3225dfb155935f80f4f",
                "sha256:511e59c0a07c05565ecd10184c9a1fccd1d8be31f37b21b733ab7d049510c825",
                "sha256:54e005dbd92f220362556df74b3f6898d3a04a6ad734dd47f70849cab99d0702",
                "sha256:54eb964b79bd2409872425b3bfd6c42755dd4586cd1fdbb2ffc1075327df9a14",
                "sha256:555c923477a05d560ba1ec81de215c64a22cc2bc4c1d5c9f739523e6f3f3736d",
                "sha256:749967f82721639404f5ef6d985d5a0971e12abc6a8f55bfd4b30bad89020d7e",
                "sha256:7b656261429d752709d5025b3f2099c2ab383e18e7084fb6bd7534259f0b718d",
                "sha256:86838d6fad9ec3719cb292f41d81c7f0115946be17acfc58e9aad252346baa56",
                "sha256:8b6b1afe7731d7d9cbb0398b4a811ebb5e6be5c174f72c68abf81f919a435de9",
                "sha256:8c4c70bf607811a17ecbd91b7cea85b54064c3d950019e4d2d7e3d0ae4d0bef8",
                "sha256:97d11269b08268fde1db033ff1cf1d165e6f9322a38b37a11fc96b5b20a83c5e",
                "sha256:9bbc63663b6ed704b051bfdc9f4ba45c97b38ef42786a41a49f55cdadcbe6085",
                "sha256:9fbd9ae4b51c8b4a49562983e5413e0b757601bafee59ee8c9cdfeb8b9cb07cf",
                "sha256:a10712d0cbf7fff9def2ea194291bfcfc5891be11b2ce243bcbc3a3bc009f8e6",
                "sha256:a98347a9985b27f814cf978400fe2dcecf155f986d60b1752176f964212d0880",
                "sha256:b2acce56c5b9fd8f8b0ac1c4f451c7b883f17c8e9a0e33a9ec5c280d4f7937f8",
                "sha256:bd006bf01fa7f267eab4ede198d828face8ba5457c47271adea1120947c7f0e1",
                "sha256:bf2ffb29906afa4c6b0520b68bf521ad15254e0e409e849250c209a3cac8c23f",
                "sha256:cf4909947d9e9244ad38adec49291ddc8338157fef70df651bc8255168c07767",
                "sha256:d5a2c3922dea3ed2dab17e1748620f0edfa3748bf287f12df5ef997bbf7a0978",
                "sha256:d9cd8c83a0473cd16b91e598fc1497cc6c03430320598c16adf7468eeb146c76",
                "sha256:dad68b19e1a5c51bf72329b3f95e50465fd10f85e87bb104f435511ad0cddbf5",
                "sha256:dd25dc975bda87983c0c4dbc65b0cf4724a0aed6d299485ce42051cbb20b7b0c",
                "sha256:dd38149723aa982d43e09a05a20bd213097faf80245ea9975f84caf3bdb8d3c6",
                "sha256:ddf0c922b832e59bb503ef5962e3aba55e63114d6deb46021c319b626cb4fad1",
                "sha256:e4e2b96fcc14be4477ee1d4d60c86efe70cd3326724de427c6915113e8f4cda3",
                "sha256:e8084f19e7e9cbb91ae8f8b9cd1a2a237cabeae7287e8996573527dec9d34089",
                "sha256:f09f8c90494870b60df554196c3ff8531dfcf74ab1a69e7946079e8e73ab0881"
            ],
            "index": "pypi",
            "version": "==1.4.3"
        }
    },
    "develop": {}
}
